// !$*UTF8*$!
{
	archiveVersion = 1;
	classes = {
	};
	objectVersion = 56;
	objects = {

/* Begin PBXBuildFile section */
		D4F20AC92A4B5E32002F1164 /* Demo1App.swift in Sources */ = {isa = PBXBuildFile; fileRef = D4F20AC82A4B5E32002F1164 /* Demo1App.swift */; };
		D4F20ACB2A4B5E32002F1164 /* ContentView.swift in Sources */ = {isa = PBXBuildFile; fileRef = D4F20ACA2A4B5E32002F1164 /* ContentView.swift */; };
		D4F20ACD2A4B5E34002F1164 /* Assets.xcassets in Resources */ = {isa = PBXBuildFile; fileRef = D4F20ACC2A4B5E34002F1164 /* Assets.xcassets */; };
		D4F20AD12A4B5E34002F1164 /* Preview Assets.xcassets in Resources */ = {isa = PBXBuildFile; fileRef = D4F20AD02A4B5E34002F1164 /* Preview Assets.xcassets */; };
		D4F20ADB2A4B5E34002F1164 /* Demo1Tests.swift in Sources */ = {isa = PBXBuildFile; fileRef = D4F20ADA2A4B5E34002F1164 /* Demo1Tests.swift */; };
		D4F20AE52A4B5E34002F1164 /* Demo1UITests.swift in Sources */ = {isa = PBXBuildFile; fileRef = D4F20AE42A4B5E34002F1164 /* Demo1UITests.swift */; };
		D4F20AE72A4B5E34002F1164 /* Demo1UITestsLaunchTests.swift in Sources */ = {isa = PBXBuildFile; fileRef = D4F20AE62A4B5E34002F1164 /* Demo1UITestsLaunchTests.swift */; };
/* End PBXBuildFile section */

/* Begin PBXContainerItemProxy section */
		D4F20AD72A4B5E34002F1164 /* PBXContainerItemProxy */ = {
			isa = PBXContainerItemProxy;
			containerPortal = D4F20ABD2A4B5E32002F1164 /* Project object */;
			proxyType = 1;
			remoteGlobalIDString = D4F20AC42A4B5E32002F1164;
			remoteInfo = Demo1;
		};
		D4F20AE12A4B5E34002F1164 /* PBXContainerItemProxy */ = {
			isa = PBXContainerItemProxy;
			containerPortal = D4F20ABD2A4B5E32002F1164 /* Project object */;
			proxyType = 1;
			remoteGlobalIDString = D4F20AC42A4B5E32002F1164;
			remoteInfo = Demo1;
		};
/* End PBXContainerItemProxy section */

/* Begin PBXFileReference section */
		D4F20AC52A4B5E32002F1164 /* Demo1.app */ = {isa = PBXFileReference; explicitFileType = wrapper.application; includeInIndex = 0; path = Demo1.app; sourceTree = BUILT_PRODUCTS_DIR; };
		D4F20AC82A4B5E32002F1164 /* Demo1App.swift */ = {isa = PBXFileReference; lastKnownFileType = sourcecode.swift; path = Demo1App.swift; sourceTree = "<group>"; };
		D4F20ACA2A4B5E32002F1164 /* ContentView.swift */ = {isa = PBXFileReference; lastKnownFileType = sourcecode.swift; path = ContentView.swift; sourceTree = "<group>"; };
		D4F20ACC2A4B5E34002F1164 /* Assets.xcassets */ = {isa = PBXFileReference; lastKnownFileType = folder.assetcatalog; path = Assets.xcassets; sourceTree = "<group>"; };
		D4F20ACE2A4B5E34002F1164 /* Demo1.entitlements */ = {isa = PBXFileReference; lastKnownFileType = text.plist.entitlements; path = Demo1.entitlements; sourceTree = "<group>"; };
		D4F20AD02A4B5E34002F1164 /* Preview Assets.xcassets */ = {isa = PBXFileReference; lastKnownFileType = folder.assetcatalog; path = "Preview Assets.xcassets"; sourceTree = "<group>"; };
		D4F20AD62A4B5E34002F1164 /* Demo1Tests.xctest */ = {isa = PBXFileReference; explicitFileType = wrapper.cfbundle; includeInIndex = 0; path = Demo1Tests.xctest; sourceTree = BUILT_PRODUCTS_DIR; };
		D4F20ADA2A4B5E34002F1164 /* Demo1Tests.swift */ = {isa = PBXFileReference; lastKnownFileType = sourcecode.swift; path = Demo1Tests.swift; sourceTree = "<group>"; };
		D4F20AE02A4B5E34002F1164 /* Demo1UITests.xctest */ = {isa = PBXFileReference; explicitFileType = wrapper.cfbundle; includeInIndex = 0; path = Demo1UITests.xctest; sourceTree = BUILT_PRODUCTS_DIR; };
		D4F20AE42A4B5E34002F1164 /* Demo1UITests.swift */ = {isa = PBXFileReference; lastKnownFileType = sourcecode.swift; path = Demo1UITests.swift; sourceTree = "<group>"; };
		D4F20AE62A4B5E34002F1164 /* Demo1UITestsLaunchTests.swift */ = {isa = PBXFileReference; lastKnownFileType = sourcecode.swift; path = Demo1UITestsLaunchTests.swift; sourceTree = "<group>"; };
/* End PBXFileReference section */

/* Begin PBXFrameworksBuildPhase section */
		D4F20AC22A4B5E32002F1164 /* Frameworks */ = {
			isa = PBXFrameworksBuildPhase;
			buildActionMask = 2147483647;
			files = (
			);
			runOnlyForDeploymentPostprocessing = 0;
		};
		D4F20AD32A4B5E34002F1164 /* Frameworks */ = {
			isa = PBXFrameworksBuildPhase;
			buildActionMask = 2147483647;
			files = (
			);
			runOnlyForDeploymentPostprocessing = 0;
		};
		D4F20ADD2A4B5E34002F1164 /* Frameworks */ = {
			isa = PBXFrameworksBuildPhase;
			buildActionMask = 2147483647;
			files = (
			);
			runOnlyForDeploymentPostprocessing = 0;
		};
/* End PBXFrameworksBuildPhase section */

/* Begin PBXGroup section */
		D4F20ABC2A4B5E32002F1164 = {
			isa = PBXGroup;
			children = (
				D4F20AC72A4B5E32002F1164 /* Demo1 */,
				D4F20AD92A4B5E34002F1164 /* Demo1Tests */,
				D4F20AE32A4B5E34002F1164 /* Demo1UITests */,
				D4F20AC62A4B5E32002F1164 /* Products */,
			);
			sourceTree = "<group>";
		};
		D4F20AC62A4B5E32002F1164 /* Products */ = {
			isa = PBXGroup;
			children = (
				D4F20AC52A4B5E32002F1164 /* Demo1.app */,
				D4F20AD62A4B5E34002F1164 /* Demo1Tests.xctest */,
				D4F20AE02A4B5E34002F1164 /* Demo1UITests.xctest */,
			);
			name = Products;
			sourceTree = "<group>";
		};
		D4F20AC72A4B5E32002F1164 /* Demo1 */ = {
			isa = PBXGroup;
			children = (
				D4F20AC82A4B5E32002F1164 /* Demo1App.swift */,
				D4F20ACA2A4B5E32002F1164 /* ContentView.swift */,
				D4F20ACC2A4B5E34002F1164 /* Assets.xcassets */,
				D4F20ACE2A4B5E34002F1164 /* Demo1.entitlements */,
				D4F20ACF2A4B5E34002F1164 /* Preview Content */,
			);
			path = Demo1;
			sourceTree = "<group>";
		};
		D4F20ACF2A4B5E34002F1164 /* Preview Content */ = {
			isa = PBXGroup;
			children = (
				D4F20AD02A4B5E34002F1164 /* Preview Assets.xcassets */,
			);
			path = "Preview Content";
			sourceTree = "<group>";
		};
		D4F20AD92A4B5E34002F1164 /* Demo1Tests */ = {
			isa = PBXGroup;
			children = (
				D4F20ADA2A4B5E34002F1164 /* Demo1Tests.swift */,
			);
			path = Demo1Tests;
			sourceTree = "<group>";
		};
		D4F20AE32A4B5E34002F1164 /* Demo1UITests */ = {
			isa = PBXGroup;
			children = (
				D4F20AE42A4B5E34002F1164 /* Demo1UITests.swift */,
				D4F20AE62A4B5E34002F1164 /* Demo1UITestsLaunchTests.swift */,
			);
			path = Demo1UITests;
			sourceTree = "<group>";
		};
/* End PBXGroup section */

/* Begin PBXNativeTarget section */
		D4F20AC42A4B5E32002F1164 /* Demo1 */ = {
			isa = PBXNativeTarget;
			buildConfigurationList = D4F20AEA2A4B5E34002F1164 /* Build configuration list for PBXNativeTarget "Demo1" */;
			buildPhases = (
				D4F20AC12A4B5E32002F1164 /* Sources */,
				D4F20AC22A4B5E32002F1164 /* Frameworks */,
				D4F20AC32A4B5E32002F1164 /* Resources */,
			);
			buildRules = (
			);
			dependencies = (
			);
			name = Demo1;
			productName = Demo1;
			productReference = D4F20AC52A4B5E32002F1164 /* Demo1.app */;
			productType = "com.apple.product-type.application";
		};
		D4F20AD52A4B5E34002F1164 /* Demo1Tests */ = {
			isa = PBXNativeTarget;
			buildConfigurationList = D4F20AED2A4B5E34002F1164 /* Build configuration list for PBXNativeTarget "Demo1Tests" */;
			buildPhases = (
				D4F20AD22A4B5E34002F1164 /* Sources */,
				D4F20AD32A4B5E34002F1164 /* Frameworks */,
				D4F20AD42A4B5E34002F1164 /* Resources */,
			);
			buildRules = (
			);
			dependencies = (
				D4F20AD82A4B5E34002F1164 /* PBXTargetDependency */,
			);
			name = Demo1Tests;
			productName = Demo1Tests;
			productReference = D4F20AD62A4B5E34002F1164 /* Demo1Tests.xctest */;
			productType = "com.apple.product-type.bundle.unit-test";
		};
		D4F20ADF2A4B5E34002F1164 /* Demo1UITests */ = {
			isa = PBXNativeTarget;
			buildConfigurationList = D4F20AF02A4B5E34002F1164 /* Build configuration list for PBXNativeTarget "Demo1UITests" */;
			buildPhases = (
				D4F20ADC2A4B5E34002F1164 /* Sources */,
				D4F20ADD2A4B5E34002F1164 /* Frameworks */,
				D4F20ADE2A4B5E34002F1164 /* Resources */,
			);
			buildRules = (
			);
			dependencies = (
				D4F20AE22A4B5E34002F1164 /* PBXTargetDependency */,
			);
			name = Demo1UITests;
			productName = Demo1UITests;
			productReference = D4F20AE02A4B5E34002F1164 /* Demo1UITests.xctest */;
			productType = "com.apple.product-type.bundle.ui-testing";
		};
/* End PBXNativeTarget section */

/* Begin PBXProject section */
		D4F20ABD2A4B5E32002F1164 /* Project object */ = {
			isa = PBXProject;
			attributes = {
				BuildIndependentTargetsInParallel = 1;
				LastSwiftUpdateCheck = 1430;
				LastUpgradeCheck = 1430;
				TargetAttributes = {
					D4F20AC42A4B5E32002F1164 = {
						CreatedOnToolsVersion = 14.3.1;
					};
					D4F20AD52A4B5E34002F1164 = {
						CreatedOnToolsVersion = 14.3.1;
						TestTargetID = D4F20AC42A4B5E32002F1164;
					};
					D4F20ADF2A4B5E34002F1164 = {
						CreatedOnToolsVersion = 14.3.1;
						TestTargetID = D4F20AC42A4B5E32002F1164;
					};
				};
			};
			buildConfigurationList = D4F20AC02A4B5E32002F1164 /* Build configuration list for PBXProject "Demo1" */;
			compatibilityVersion = "Xcode 14.0";
			developmentRegion = en;
			hasScannedForEncodings = 0;
			knownRegions = (
				en,
				Base,
			);
			mainGroup = D4F20ABC2A4B5E32002F1164;
			productRefGroup = D4F20AC62A4B5E32002F1164 /* Products */;
			projectDirPath = "";
			projectRoot = "";
			targets = (
				D4F20AC42A4B5E32002F1164 /* Demo1 */,
				D4F20AD52A4B5E34002F1164 /* Demo1Tests */,
				D4F20ADF2A4B5E34002F1164 /* Demo1UITests */,
			);
		};
/* End PBXProject section */

/* Begin PBXResourcesBuildPhase section */
		D4F20AC32A4B5E32002F1164 /* Resources */ = {
			isa = PBXResourcesBuildPhase;
			buildActionMask = 2147483647;
			files = (
				D4F20AD12A4B5E34002F1164 /* Preview Assets.xcassets in Resources */,
				D4F20ACD2A4B5E34002F1164 /* Assets.xcassets in Resources */,
			);
			runOnlyForDeploymentPostprocessing = 0;
		};
		D4F20AD42A4B5E34002F1164 /* Resources */ = {
			isa = PBXResourcesBuildPhase;
			buildActionMask = 2147483647;
			files = (
			);
			runOnlyForDeploymentPostprocessing = 0;
		};
		D4F20ADE2A4B5E34002F1164 /* Resources */ = {
			isa = PBXResourcesBuildPhase;
			buildActionMask = 2147483647;
			files = (
			);
			runOnlyForDeploymentPostprocessing = 0;
		};
/* End PBXResourcesBuildPhase section */

/* Begin PBXSourcesBuildPhase section */
		D4F20AC12A4B5E32002F1164 /* Sources */ = {
			isa = PBXSourcesBuildPhase;
			buildActionMask = 2147483647;
			files = (
				D4F20ACB2A4B5E32002F1164 /* ContentView.swift in Sources */,
				D4F20AC92A4B5E32002F1164 /* Demo1App.swift in Sources */,
			);
			runOnlyForDeploymentPostprocessing = 0;
		};
		D4F20AD22A4B5E34002F1164 /* Sources */ = {
			isa = PBXSourcesBuildPhase;
			buildActionMask = 2147483647;
			files = (
				D4F20ADB2A4B5E34002F1164 /* Demo1Tests.swift in Sources */,
			);
			runOnlyForDeploymentPostprocessing = 0;
		};
		D4F20ADC2A4B5E34002F1164 /* Sources */ = {
			isa = PBXSourcesBuildPhase;
			buildActionMask = 2147483647;
			files = (
				D4F20AE52A4B5E34002F1164 /* Demo1UITests.swift in Sources */,
				D4F20AE72A4B5E34002F1164 /* Demo1UITestsLaunchTests.swift in Sources */,
			);
			runOnlyForDeploymentPostprocessing = 0;
		};
/* End PBXSourcesBuildPhase section */

/* Begin PBXTargetDependency section */
		D4F20AD82A4B5E34002F1164 /* PBXTargetDependency */ = {
			isa = PBXTargetDependency;
			target = D4F20AC42A4B5E32002F1164 /* Demo1 */;
			targetProxy = D4F20AD72A4B5E34002F1164 /* PBXContainerItemProxy */;
		};
		D4F20AE22A4B5E34002F1164 /* PBXTargetDependency */ = {
			isa = PBXTargetDependency;
			target = D4F20AC42A4B5E32002F1164 /* Demo1 */;
			targetProxy = D4F20AE12A4B5E34002F1164 /* PBXContainerItemProxy */;
		};
/* End PBXTargetDependency section */

/* Begin XCBuildConfiguration section */
		D4F20AE82A4B5E34002F1164 /* Debug */ = {
			isa = XCBuildConfiguration;
			buildSettings = {
				ALWAYS_SEARCH_USER_PATHS = NO;
				CLANG_ANALYZER_NONNULL = YES;
				CLANG_ANALYZER_NUMBER_OBJECT_CONVERSION = YES_AGGRESSIVE;
				CLANG_CXX_LANGUAGE_STANDARD = "gnu++20";
				CLANG_ENABLE_MODULES = YES;
				CLANG_ENABLE_OBJC_ARC = YES;
				CLANG_ENABLE_OBJC_WEAK = YES;
				CLANG_WARN_BLOCK_CAPTURE_AUTORELEASING = YES;
				CLANG_WARN_BOOL_CONVERSION = YES;
				CLANG_WARN_COMMA = YES;
				CLANG_WARN_CONSTANT_CONVERSION = YES;
				CLANG_WARN_DEPRECATED_OBJC_IMPLEMENTATIONS = YES;
				CLANG_WARN_DIRECT_OBJC_ISA_USAGE = YES_ERROR;
				CLANG_WARN_DOCUMENTATION_COMMENTS = YES;
				CLANG_WARN_EMPTY_BODY = YES;
				CLANG_WARN_ENUM_CONVERSION = YES;
				CLANG_WARN_INFINITE_RECURSION = YES;
				CLANG_WARN_INT_CONVERSION = YES;
				CLANG_WARN_NON_LITERAL_NULL_CONVERSION = YES;
				CLANG_WARN_OBJC_IMPLICIT_RETAIN_SELF = YES;
				CLANG_WARN_OBJC_LITERAL_CONVERSION = YES;
				CLANG_WARN_OBJC_ROOT_CLASS = YES_ERROR;
				CLANG_WARN_QUOTED_INCLUDE_IN_FRAMEWORK_HEADER = YES;
				CLANG_WARN_RANGE_LOOP_ANALYSIS = YES;
				CLANG_WARN_STRICT_PROTOTYPES = YES;
				CLANG_WARN_SUSPICIOUS_MOVE = YES;
				CLANG_WARN_UNGUARDED_AVAILABILITY = YES_AGGRESSIVE;
				CLANG_WARN_UNREACHABLE_CODE = YES;
				CLANG_WARN__DUPLICATE_METHOD_MATCH = YES;
				COPY_PHASE_STRIP = NO;
				DEBUG_INFORMATION_FORMAT = dwarf;
				ENABLE_STRICT_OBJC_MSGSEND = YES;
				ENABLE_TESTABILITY = YES;
				GCC_C_LANGUAGE_STANDARD = gnu11;
				GCC_DYNAMIC_NO_PIC = NO;
				GCC_NO_COMMON_BLOCKS = YES;
				GCC_OPTIMIZATION_LEVEL = 0;
				GCC_PREPROCESSOR_DEFINITIONS = (
					"DEBUG=1",
					"$(inherited)",
				);
				GCC_WARN_64_TO_32_BIT_CONVERSION = YES;
				GCC_WARN_ABOUT_RETURN_TYPE = YES_ERROR;
				GCC_WARN_UNDECLARED_SELECTOR = YES;
				GCC_WARN_UNINITIALIZED_AUTOS = YES_AGGRESSIVE;
				GCC_WARN_UNUSED_FUNCTION = YES;
				GCC_WARN_UNUSED_VARIABLE = YES;
				MTL_ENABLE_DEBUG_INFO = INCLUDE_SOURCE;
				MTL_FAST_MATH = YES;
				ONLY_ACTIVE_ARCH = YES;
				SWIFT_ACTIVE_COMPILATION_CONDITIONS = DEBUG;
				SWIFT_OPTIMIZATION_LEVEL = "-Onone";
			};
			name = Debug;
		};
		D4F20AE92A4B5E34002F1164 /* Release */ = {
			isa = XCBuildConfiguration;
			buildSettings = {
				ALWAYS_SEARCH_USER_PATHS = NO;
				CLANG_ANALYZER_NONNULL = YES;
				CLANG_ANALYZER_NUMBER_OBJECT_CONVERSION = YES_AGGRESSIVE;
				CLANG_CXX_LANGUAGE_STANDARD = "gnu++20";
				CLANG_ENABLE_MODULES = YES;
				CLANG_ENABLE_OBJC_ARC = YES;
				CLANG_ENABLE_OBJC_WEAK = YES;
				CLANG_WARN_BLOCK_CAPTURE_AUTORELEASING = YES;
				CLANG_WARN_BOOL_CONVERSION = YES;
				CLANG_WARN_COMMA = YES;
				CLANG_WARN_CONSTANT_CONVERSION = YES;
				CLANG_WARN_DEPRECATED_OBJC_IMPLEMENTATIONS = YES;
				CLANG_WARN_DIRECT_OBJC_ISA_USAGE = YES_ERROR;
				CLANG_WARN_DOCUMENTATION_COMMENTS = YES;
				CLANG_WARN_EMPTY_BODY = YES;
				CLANG_WARN_ENUM_CONVERSION = YES;
				CLANG_WARN_INFINITE_RECURSION = YES;
				CLANG_WARN_INT_CONVERSION = YES;
				CLANG_WARN_NON_LITERAL_NULL_CONVERSION = YES;
				CLANG_WARN_OBJC_IMPLICIT_RETAIN_SELF = YES;
				CLANG_WARN_OBJC_LITERAL_CONVERSION = YES;
				CLANG_WARN_OBJC_ROOT_CLASS = YES_ERROR;
				CLANG_WARN_QUOTED_INCLUDE_IN_FRAMEWORK_HEADER = YES;
				CLANG_WARN_RANGE_LOOP_ANALYSIS = YES;
				CLANG_WARN_STRICT_PROTOTYPES = YES;
				CLANG_WARN_SUSPICIOUS_MOVE = YES;
				CLANG_WARN_UNGUARDED_AVAILABILITY = YES_AGGRESSIVE;
				CLANG_WARN_UNREACHABLE_CODE = YES;
				CLANG_WARN__DUPLICATE_METHOD_MATCH = YES;
				COPY_PHASE_STRIP = NO;
				DEBUG_INFORMATION_FORMAT = "dwarf-with-dsym";
				ENABLE_NS_ASSERTIONS = NO;
				ENABLE_STRICT_OBJC_MSGSEND = YES;
				GCC_C_LANGUAGE_STANDARD = gnu11;
				GCC_NO_COMMON_BLOCKS = YES;
				GCC_WARN_64_TO_32_BIT_CONVERSION = YES;
				GCC_WARN_ABOUT_RETURN_TYPE = YES_ERROR;
				GCC_WARN_UNDECLARED_SELECTOR = YES;
				GCC_WARN_UNINITIALIZED_AUTOS = YES_AGGRESSIVE;
				GCC_WARN_UNUSED_FUNCTION = YES;
				GCC_WARN_UNUSED_VARIABLE = YES;
				MTL_ENABLE_DEBUG_INFO = NO;
				MTL_FAST_MATH = YES;
				SWIFT_COMPILATION_MODE = wholemodule;
				SWIFT_OPTIMIZATION_LEVEL = "-O";
			};
			name = Release;
		};
		D4F20AEB2A4B5E34002F1164 /* Debug */ = {
			isa = XCBuildConfiguration;
			buildSettings = {
				ASSETCATALOG_COMPILER_APPICON_NAME = AppIcon;
				ASSETCATALOG_COMPILER_GLOBAL_ACCENT_COLOR_NAME = AccentColor;
				CODE_SIGN_ENTITLEMENTS = Demo1/Demo1.entitlements;
				CODE_SIGN_STYLE = Automatic;
				CURRENT_PROJECT_VERSION = 1;
				DEVELOPMENT_ASSET_PATHS = "\"Demo1/Preview Content\"";
				DEVELOPMENT_TEAM = L9UG39TA94;
				ENABLE_HARDENED_RUNTIME = YES;
				ENABLE_PREVIEWS = YES;
				GENERATE_INFOPLIST_FILE = YES;
				"INFOPLIST_KEY_UIApplicationSceneManifest_Generation[sdk=iphoneos*]" = YES;
				"INFOPLIST_KEY_UIApplicationSceneManifest_Generation[sdk=iphonesimulator*]" = YES;
				"INFOPLIST_KEY_UIApplicationSupportsIndirectInputEvents[sdk=iphoneos*]" = YES;
				"INFOPLIST_KEY_UIApplicationSupportsIndirectInputEvents[sdk=iphonesimulator*]" = YES;
				"INFOPLIST_KEY_UILaunchScreen_Generation[sdk=iphoneos*]" = YES;
				"INFOPLIST_KEY_UILaunchScreen_Generation[sdk=iphonesimulator*]" = YES;
				"INFOPLIST_KEY_UIStatusBarStyle[sdk=iphoneos*]" = UIStatusBarStyleDefault;
				"INFOPLIST_KEY_UIStatusBarStyle[sdk=iphonesimulator*]" = UIStatusBarStyleDefault;
				INFOPLIST_KEY_UISupportedInterfaceOrientations_iPad = "UIInterfaceOrientationPortrait UIInterfaceOrientationPortraitUpsideDown UIInterfaceOrientationLandscapeLeft UIInterfaceOrientationLandscapeRight";
				INFOPLIST_KEY_UISupportedInterfaceOrientations_iPhone = "UIInterfaceOrientationPortrait UIInterfaceOrientationLandscapeLeft UIInterfaceOrientationLandscapeRight";
				IPHONEOS_DEPLOYMENT_TARGET = 16.4;
				LD_RUNPATH_SEARCH_PATHS = "@executable_path/Frameworks";
				"LD_RUNPATH_SEARCH_PATHS[sdk=macosx*]" = "@executable_path/../Frameworks";
				MACOSX_DEPLOYMENT_TARGET = 13.3;
				MARKETING_VERSION = 1.0;
				PRODUCT_BUNDLE_IDENTIFIER = team.soflaftc.Demo1;
				PRODUCT_NAME = "$(TARGET_NAME)";
				SDKROOT = auto;
				SUPPORTED_PLATFORMS = "iphoneos iphonesimulator macosx";
				SWIFT_EMIT_LOC_STRINGS = YES;
				SWIFT_VERSION = 5.0;
				TARGETED_DEVICE_FAMILY = "1,2";
			};
			name = Debug;
		};
		D4F20AEC2A4B5E34002F1164 /* Release */ = {
			isa = XCBuildConfiguration;
			buildSettings = {
				ASSETCATALOG_COMPILER_APPICON_NAME = AppIcon;
				ASSETCATALOG_COMPILER_GLOBAL_ACCENT_COLOR_NAME = AccentColor;
				CODE_SIGN_ENTITLEMENTS = Demo1/Demo1.entitlements;
				CODE_SIGN_STYLE = Automatic;
				CURRENT_PROJECT_VERSION = 1;
				DEVELOPMENT_ASSET_PATHS = "\"Demo1/Preview Content\"";
				DEVELOPMENT_TEAM = L9UG39TA94;
				ENABLE_HARDENED_RUNTIME = YES;
				ENABLE_PREVIEWS = YES;
				GENERATE_INFOPLIST_FILE = YES;
				"INFOPLIST_KEY_UIApplicationSceneManifest_Generation[sdk=iphoneos*]" = YES;
				"INFOPLIST_KEY_UIApplicationSceneManifest_Generation[sdk=iphonesimulator*]" = YES;
				"INFOPLIST_KEY_UIApplicationSupportsIndirectInputEvents[sdk=iphoneos*]" = YES;
				"INFOPLIST_KEY_UIApplicationSupportsIndirectInputEvents[sdk=iphonesimulator*]" = YES;
				"INFOPLIST_KEY_UILaunchScreen_Generation[sdk=iphoneos*]" = YES;
				"INFOPLIST_KEY_UILaunchScreen_Generation[sdk=iphonesimulator*]" = YES;
				"INFOPLIST_KEY_UIStatusBarStyle[sdk=iphoneos*]" = UIStatusBarStyleDefault;
				"INFOPLIST_KEY_UIStatusBarStyle[sdk=iphonesimulator*]" = UIStatusBarStyleDefault;
				INFOPLIST_KEY_UISupportedInterfaceOrientations_iPad = "UIInterfaceOrientationPortrait UIInterfaceOrientationPortraitUpsideDown UIInterfaceOrientationLandscapeLeft UIInterfaceOrientationLandscapeRight";
				INFOPLIST_KEY_UISupportedInterfaceOrientations_iPhone = "UIInterfaceOrientationPortrait UIInterfaceOrientationLandscapeLeft UIInterfaceOrientationLandscapeRight";
				IPHONEOS_DEPLOYMENT_TARGET = 16.4;
				LD_RUNPATH_SEARCH_PATHS = "@executable_path/Frameworks";
				"LD_RUNPATH_SEARCH_PATHS[sdk=macosx*]" = "@executable_path/../Frameworks";
				MACOSX_DEPLOYMENT_TARGET = 13.3;
				MARKETING_VERSION = 1.0;
				PRODUCT_BUNDLE_IDENTIFIER = team.soflaftc.Demo1;
				PRODUCT_NAME = "$(TARGET_NAME)";
				SDKROOT = auto;
				SUPPORTED_PLATFORMS = "iphoneos iphonesimulator macosx";
				SWIFT_EMIT_LOC_STRINGS = YES;
				SWIFT_VERSION = 5.0;
				TARGETED_DEVICE_FAMILY = "1,2";
			};
			name = Release;
		};
		D4F20AEE2A4B5E34002F1164 /* Debug */ = {
			isa = XCBuildConfiguration;
			buildSettings = {
				ALWAYS_EMBED_SWIFT_STANDARD_LIBRARIES = YES;
				BUNDLE_LOADER = "$(TEST_HOST)";
				CODE_SIGN_STYLE = Automatic;
				CURRENT_PROJECT_VERSION = 1;
				DEVELOPMENT_TEAM = L9UG39TA94;
				GENERATE_INFOPLIST_FILE = YES;
				IPHONEOS_DEPLOYMENT_TARGET = 16.4;
				MACOSX_DEPLOYMENT_TARGET = 13.3;
				MARKETING_VERSION = 1.0;
				PRODUCT_BUNDLE_IDENTIFIER = team.soflaftc.Demo1Tests;
				PRODUCT_NAME = "$(TARGET_NAME)";
				SDKROOT = auto;
				SUPPORTED_PLATFORMS = "iphoneos iphonesimulator macosx";
				SWIFT_EMIT_LOC_STRINGS = NO;
				SWIFT_VERSION = 5.0;
				TARGETED_DEVICE_FAMILY = "1,2";
				TEST_HOST = "$(BUILT_PRODUCTS_DIR)/Demo1.app/$(BUNDLE_EXECUTABLE_FOLDER_PATH)/Demo1";
			};
			name = Debug;
		};
		D4F20AEF2A4B5E34002F1164 /* Release */ = {
			isa = XCBuildConfiguration;
			buildSettings = {
				ALWAYS_EMBED_SWIFT_STANDARD_LIBRARIES = YES;
				BUNDLE_LOADER = "$(TEST_HOST)";
				CODE_SIGN_STYLE = Automatic;
				CURRENT_PROJECT_VERSION = 1;
				DEVELOPMENT_TEAM = L9UG39TA94;
				GENERATE_INFOPLIST_FILE = YES;
				IPHONEOS_DEPLOYMENT_TARGET = 16.4;
				MACOSX_DEPLOYMENT_TARGET = 13.3;
				MARKETING_VERSION = 1.0;
				PRODUCT_BUNDLE_IDENTIFIER = team.soflaftc.Demo1Tests;
				PRODUCT_NAME = "$(TARGET_NAME)";
				SDKROOT = auto;
				SUPPORTED_PLATFORMS = "iphoneos iphonesimulator macosx";
				SWIFT_EMIT_LOC_STRINGS = NO;
				SWIFT_VERSION = 5.0;
				TARGETED_DEVICE_FAMILY = "1,2";
				TEST_HOST = "$(BUILT_PRODUCTS_DIR)/Demo1.app/$(BUNDLE_EXECUTABLE_FOLDER_PATH)/Demo1";
			};
			name = Release;
		};
		D4F20AF12A4B5E34002F1164 /* Debug */ = {
			isa = XCBuildConfiguration;
			buildSettings = {
				ALWAYS_EMBED_SWIFT_STANDARD_LIBRARIES = YES;
				CODE_SIGN_STYLE = Automatic;
				CURRENT_PROJECT_VERSION = 1;
				DEVELOPMENT_TEAM = L9UG39TA94;
				GENERATE_INFOPLIST_FILE = YES;
				IPHONEOS_DEPLOYMENT_TARGET = 16.4;
				MACOSX_DEPLOYMENT_TARGET = 13.3;
				MARKETING_VERSION = 1.0;
				PRODUCT_BUNDLE_IDENTIFIER = team.soflaftc.Demo1UITests;
				PRODUCT_NAME = "$(TARGET_NAME)";
				SDKROOT = auto;
				SUPPORTED_PLATFORMS = "iphoneos iphonesimulator macosx";
				SWIFT_EMIT_LOC_STRINGS = NO;
				SWIFT_VERSION = 5.0;
				TARGETED_DEVICE_FAMILY = "1,2";
				TEST_TARGET_NAME = Demo1;
			};
			name = Debug;
		};
		D4F20AF22A4B5E34002F1164 /* Release */ = {
			isa = XCBuildConfiguration;
			buildSettings = {
				ALWAYS_EMBED_SWIFT_STANDARD_LIBRARIES = YES;
				CODE_SIGN_STYLE = Automatic;
				CURRENT_PROJECT_VERSION = 1;
				DEVELOPMENT_TEAM = L9UG39TA94;
				GENERATE_INFOPLIST_FILE = YES;
				IPHONEOS_DEPLOYMENT_TARGET = 16.4;
				MACOSX_DEPLOYMENT_TARGET = 13.3;
				MARKETING_VERSION = 1.0;
				PRODUCT_BUNDLE_IDENTIFIER = team.soflaftc.Demo1UITests;
				PRODUCT_NAME = "$(TARGET_NAME)";
				SDKROOT = auto;
				SUPPORTED_PLATFORMS = "iphoneos iphonesimulator macosx";
				SWIFT_EMIT_LOC_STRINGS = NO;
				SWIFT_VERSION = 5.0;
				TARGETED_DEVICE_FAMILY = "1,2";
				TEST_TARGET_NAME = Demo1;
			};
			name = Release;
		};
/* End XCBuildConfiguration section */

/* Begin XCConfigurationList section */
		D4F20AC02A4B5E32002F1164 /* Build configuration list for PBXProject "Demo1" */ = {
			isa = XCConfigurationList;
			buildConfigurations = (
				D4F20AE82A4B5E34002F1164 /* Debug */,
				D4F20AE92A4B5E34002F1164 /* Release */,
			);
			defaultConfigurationIsVisible = 0;
			defaultConfigurationName = Release;
		};
		D4F20AEA2A4B5E34002F1164 /* Build configuration list for PBXNativeTarget "Demo1" */ = {
			isa = XCConfigurationList;
			buildConfigurations = (
				D4F20AEB2A4B5E34002F1164 /* Debug */,
				D4F20AEC2A4B5E34002F1164 /* Release */,
			);
			defaultConfigurationIsVisible = 0;
			defaultConfigurationName = Release;
		};
		D4F20AED2A4B5E34002F1164 /* Build configuration list for PBXNativeTarget "Demo1Tests" */ = {
			isa = XCConfigurationList;
			buildConfigurations = (
				D4F20AEE2A4B5E34002F1164 /* Debug */,
				D4F20AEF2A4B5E34002F1164 /* Release */,
			);
			defaultConfigurationIsVisible = 0;
			defaultConfigurationName = Release;
		};
		D4F20AF02A4B5E34002F1164 /* Build configuration list for PBXNativeTarget "Demo1UITests" */ = {
			isa = XCConfigurationList;
			buildConfigurations = (
				D4F20AF12A4B5E34002F1164 /* Debug */,
				D4F20AF22A4B5E34002F1164 /* Release */,
			);
			defaultConfigurationIsVisible = 0;
			defaultConfigurationName = Release;
		};
/* End XCConfigurationList section */
	};
	rootObject = D4F20ABD2A4B5E32002F1164 /* Project object */;
}
